{
  "name": "markjar",
  "version": "0.0.1",
  "lockfileVersion": 3,
  "requires": true,
  "packages": {
    "": {
      "name": "markjar",
      "version": "0.0.1",
      "license": "MIT",
      "dependencies": {
        "morphdom": "^2.7.3"
      },
      "devDependencies": {
        "@highlightjs/cdn-assets": "^11.10.0"
      }
    },
    "node_modules/@highlightjs/cdn-assets": {
      "version": "11.10.0",
      "resolved": "https://registry.npmjs.org/@highlightjs/cdn-assets/-/cdn-assets-11.10.0.tgz",
      "integrity": "sha512-vWXpu+Rdm0YMJmugFdUiL/9DmgYjEiV+d5DBqlXdApnGPSIeo6+LRS5Hpx6fvVsKkvR4RsLYD9rQ6DOLkj7OKA==",
      "dev": true,
      "engines": {
        "node": ">=12.0.0"
      }
    },
    "node_modules/morphdom": {
      "version": "2.7.3",
      "resolved": "https://registry.npmjs.org/morphdom/-/morphdom-2.7.3.tgz",
      "integrity": "sha512-rvGK92GxSuPEZLY8D/JH07cG3BxyA+/F0Bxg32OoGAEFFhGWA3OqVpqPZlOgZTCR52clXrmz+z2pYSJ6gOig1w=="
    }
  }
}
